
Microsoft Visual Studio Solution File, Format Version 12.00
# Visual Studio Version 17
VisualStudioVersion = 17.10.34928.147
MinimumVisualStudioVersion = 10.0.40219.1
Project("{FAE04EC0-301F-11D3-BF4B-00C04F79EFBC}") = "loginDb", "loginDb\loginDb.csproj", "{432BD7E6-6268-4AEB-9EFD-9A36B2327F03}"
EndProject
Global
	GlobalSection(SolutionConfigurationPlatforms) = preSolution
		Debug|Any CPU = Debug|Any CPU
		Release|Any CPU = Release|Any CPU
	EndGlobalSection
	GlobalSection(ProjectConfigurationPlatforms) = postSolution
		{432BD7E6-6268-4AEB-9EFD-9A36B2327F03}.Debug|Any CPU.ActiveCfg = Debug|Any CPU
		{432BD7E6-6268-4AEB-9EFD-9A36B2327F03}.Debug|Any CPU.Build.0 = Debug|Any CPU
		{432BD7E6-6268-4AEB-9EFD-9A36B2327F03}.Release|Any CPU.ActiveCfg = Release|Any CPU
		{432BD7E6-6268-4AEB-9EFD-9A36B2327F03}.Release|Any CPU.Build.0 = Release|Any CPU
	EndGlobalSection
	GlobalSection(SolutionProperties) = preSolution
		HideSolutionNode = FALSE
	EndGlobalSection
	GlobalSection(ExtensibilityGlobals) = postSolution
		SolutionGuid = {14F1A16B-230D-48FC-B4DA-FA926CE62EB7}
	EndGlobalSection
EndGlobal
